<?xml version="1.0" encoding="utf-8"?>
<Project ToolsVersion="4.0" xmlns="http://schemas.microsoft.com/developer/msbuild/2003">
  <ItemGroup>
    <Filter Include="Source Files">
      <UniqueIdentifier>{4FC737F1-C7A5-4376-A066-2A32D752A2FF}</UniqueIdentifier>
      <Extensions>cpp;c;cc;cxx;c++;cppm;ixx;def;odl;idl;hpj;bat;asm;asmx</Extensions>
    </Filter>
    <Filter Include="Header Files">
      <UniqueIdentifier>{40afbd5c-798f-4604-af01-fb8d23d6b432}</UniqueIdentifier>
    </Filter>
  </ItemGroup>
  <ItemGroup>
    <ClCompile Include="uu_cmd_demo.c">
      <Filter>Source Files</Filter>
    </ClCompile>
    <ClCompile Include="client.c">
      <Filter>Source Files</Filter>
    </ClCompile>
    <ClCompile Include="server.c">
      <Filter>Source Files</Filter>
    </ClCompile>
    <ClCompile Include="globals.c">
      <Filter>Source Files</Filter>
    </ClCompile>
    <ClCompile Include="gamemechanics.c">
      <Filter>Source Files</Filter>
    </ClCompile>
    <ClCompile Include="networkfuncs.c">
      <Filter>Source Files</Filter>
    </ClCompile>
    <ClCompile Include="basedeck.c">
      <Filter>Source Files</Filter>
    </ClCompile>
    <ClCompile Include="gamephase.c">
      <Filter>Source Files</Filter>
    </ClCompile>
  </ItemGroup>
  <ItemGroup>
    <ClInclude Include="client.h">
      <Filter>Header Files</Filter>
    </ClInclude>
    <ClInclude Include="gamemechanics.h">
      <Filter>Header Files</Filter>
    </ClInclude>
    <ClInclude Include="globals.h">
      <Filter>Header Files</Filter>
    </ClInclude>
    <ClInclude Include="networkfuncs.h">
      <Filter>Header Files</Filter>
    </ClInclude>
    <ClInclude Include="windowsapp.h">
      <Filter>Header Files</Filter>
    </ClInclude>
    <ClInclude Include="resource.h">
      <Filter>Header Files</Filter>
    </ClInclude>
    <ClInclude Include="server.h">
      <Filter>Header Files</Filter>
    </ClInclude>
    <ClInclude Include="gamephase.h">
      <Filter>Header Files</Filter>
    </ClInclude>
    <ClInclude Include="basedeck.h">
      <Filter>Header Files</Filter>
    </ClInclude>
  </ItemGroup>
  <ItemGroup>
    <ResourceCompile Include="UnstableUnicorns.rc" />
  </ItemGroup>
  <ItemGroup>
    <Image Include="Assets\horn.ico" />
  </ItemGroup>
</Project>